// !$*UTF8*$!
{
	archiveVersion = 1;
	classes = {
	};
	objectVersion = 55;
	objects = {

/* Begin PBXBuildFile section */
		AA8672CB283F4E9000764316 /* main.swift in Sources */ = {isa = PBXBuildFile; fileRef = AA8672CA283F4E9000764316 /* main.swift */; };
		AA8672D2283F4F2200764316 /* DlShogiResnet15x224SwishBatch.mlmodel in Sources */ = {isa = PBXBuildFile; fileRef = AA8672D1283F4F2200764316 /* DlShogiResnet15x224SwishBatch.mlmodel */; };
		AA8672D7283F502E00764316 /* ModelRunner.swift in Sources */ = {isa = PBXBuildFile; fileRef = AA8672D3283F502D00764316 /* ModelRunner.swift */; };
		AA8672D8283F502E00764316 /* IsArrayClose.swift in Sources */ = {isa = PBXBuildFile; fileRef = AA8672D5283F502E00764316 /* IsArrayClose.swift */; };
		AA8672D9283F502E00764316 /* SampleIOLoader.swift in Sources */ = {isa = PBXBuildFile; fileRef = AA8672D6283F502E00764316 /* SampleIOLoader.swift */; };
		AA8672DB283F63A000764316 /* SampleIO15x224MyData.bin in CopyFiles */ = {isa = PBXBuildFile; fileRef = AA8672DA283F527A00764316 /* SampleIO15x224MyData.bin */; };
/* End PBXBuildFile section */

/* Begin PBXCopyFilesBuildPhase section */
		AA8672C5283F4E9000764316 /* CopyFiles */ = {
			isa = PBXCopyFilesBuildPhase;
			buildActionMask = 12;
			dstPath = "";
			dstSubfolderSpec = 16;
			files = (
				AA8672DB283F63A000764316 /* SampleIO15x224MyData.bin in CopyFiles */,
			);
			runOnlyForDeploymentPostprocessing = 0;
		};
/* End PBXCopyFilesBuildPhase section */

/* Begin PBXFileReference section */
		AA8672C7283F4E9000764316 /* DlshogiModelOnMacCoreML */ = {isa = PBXFileReference; explicitFileType = "compiled.mach-o.executable"; includeInIndex = 0; path = DlshogiModelOnMacCoreML; sourceTree = BUILT_PRODUCTS_DIR; };
		AA8672CA283F4E9000764316 /* main.swift */ = {isa = PBXFileReference; lastKnownFileType = sourcecode.swift; path = main.swift; sourceTree = "<group>"; };
		AA8672D1283F4F2200764316 /* DlShogiResnet15x224SwishBatch.mlmodel */ = {isa = PBXFileReference; lastKnownFileType = file.mlmodel; path = DlShogiResnet15x224SwishBatch.mlmodel; sourceTree = "<group>"; };
		AA8672D3283F502D00764316 /* ModelRunner.swift */ = {isa = PBXFileReference; fileEncoding = 4; lastKnownFileType = sourcecode.swift; path = ModelRunner.swift; sourceTree = "<group>"; };
		AA8672D5283F502E00764316 /* IsArrayClose.swift */ = {isa = PBXFileReference; fileEncoding = 4; lastKnownFileType = sourcecode.swift; path = IsArrayClose.swift; sourceTree = "<group>"; };
		AA8672D6283F502E00764316 /* SampleIOLoader.swift */ = {isa = PBXFileReference; fileEncoding = 4; lastKnownFileType = sourcecode.swift; path = SampleIOLoader.swift; sourceTree = "<group>"; };
		AA8672DA283F527A00764316 /* SampleIO15x224MyData.bin */ = {isa = PBXFileReference; lastKnownFileType = archive.macbinary; path = SampleIO15x224MyData.bin; sourceTree = "<group>"; };
		AA8672DC283F890F00764316 /* README.md */ = {isa = PBXFileReference; lastKnownFileType = net.daringfireball.markdown; path = README.md; sourceTree = "<group>"; };
/* End PBXFileReference section */

/* Begin PBXFrameworksBuildPhase section */
		AA8672C4283F4E9000764316 /* Frameworks */ = {
			isa = PBXFrameworksBuildPhase;
			buildActionMask = 2147483647;
			files = (
			);
			runOnlyForDeploymentPostprocessing = 0;
		};
/* End PBXFrameworksBuildPhase section */

/* Begin PBXGroup section */
		AA8672BE283F4E9000764316 = {
			isa = PBXGroup;
			children = (
				AA8672DC283F890F00764316 /* README.md */,
				AA8672C9283F4E9000764316 /* DlshogiModelOnMacCoreML */,
				AA8672C8283F4E9000764316 /* Products */,
			);
			sourceTree = "<group>";
		};
		AA8672C8283F4E9000764316 /* Products */ = {
			isa = PBXGroup;
			children = (
				AA8672C7283F4E9000764316 /* DlshogiModelOnMacCoreML */,
			);
			name = Products;
			sourceTree = "<group>";
		};
		AA8672C9283F4E9000764316 /* DlshogiModelOnMacCoreML */ = {
			isa = PBXGroup;
			children = (
				AA8672CA283F4E9000764316 /* main.swift */,
				AA8672D1283F4F2200764316 /* DlShogiResnet15x224SwishBatch.mlmodel */,
				AA8672D5283F502E00764316 /* IsArrayClose.swift */,
				AA8672D3283F502D00764316 /* ModelRunner.swift */,
				AA8672D6283F502E00764316 /* SampleIOLoader.swift */,
				AA8672DA283F527A00764316 /* SampleIO15x224MyData.bin */,
			);
			path = DlshogiModelOnMacCoreML;
			sourceTree = "<group>";
		};
/* End PBXGroup section */

/* Begin PBXNativeTarget section */
		AA8672C6283F4E9000764316 /* DlshogiModelOnMacCoreML */ = {
			isa = PBXNativeTarget;
			buildConfigurationList = AA8672CE283F4E9000764316 /* Build configuration list for PBXNativeTarget "DlshogiModelOnMacCoreML" */;
			buildPhases = (
				AA8672C3283F4E9000764316 /* Sources */,
				AA8672C4283F4E9000764316 /* Frameworks */,
				AA8672C5283F4E9000764316 /* CopyFiles */,
			);
			buildRules = (
			);
			dependencies = (
			);
			name = DlshogiModelOnMacCoreML;
			productName = DlshogiModelOnMacCoreML;
			productReference = AA8672C7283F4E9000764316 /* DlshogiModelOnMacCoreML */;
			productType = "com.apple.product-type.tool";
		};
/* End PBXNativeTarget section */

/* Begin PBXProject section */
		AA8672BF283F4E9000764316 /* Project object */ = {
			isa = PBXProject;
			attributes = {
				BuildIndependentTargetsInParallel = 1;
				LastSwiftUpdateCheck = 1330;
				LastUpgradeCheck = 1330;
				TargetAttributes = {
					AA8672C6283F4E9000764316 = {
						CreatedOnToolsVersion = 13.3.1;
					};
				};
			};
			buildConfigurationList = AA8672C2283F4E9000764316 /* Build configuration list for PBXProject "DlshogiModelOnMacCoreML" */;
			compatibilityVersion = "Xcode 13.0";
			developmentRegion = en;
			hasScannedForEncodings = 0;
			knownRegions = (
				en,
				Base,
			);
			mainGroup = AA8672BE283F4E9000764316;
			productRefGroup = AA8672C8283F4E9000764316 /* Products */;
			projectDirPath = "";
			projectRoot = "";
			targets = (
				AA8672C6283F4E9000764316 /* DlshogiModelOnMacCoreML */,
			);
		};
/* End PBXProject section */

/* Begin PBXSourcesBuildPhase section */
		AA8672C3283F4E9000764316 /* Sources */ = {
			isa = PBXSourcesBuildPhase;
			buildActionMask = 2147483647;
			files = (
				AA8672D7283F502E00764316 /* ModelRunner.swift in Sources */,
				AA8672D2283F4F2200764316 /* DlShogiResnet15x224SwishBatch.mlmodel in Sources */,
				AA8672D9283F502E00764316 /* SampleIOLoader.swift in Sources */,
				AA8672D8283F502E00764316 /* IsArrayClose.swift in Sources */,
				AA8672CB283F4E9000764316 /* main.swift in Sources */,
			);
			runOnlyForDeploymentPostprocessing = 0;
		};
/* End PBXSourcesBuildPhase section */

/* Begin XCBuildConfiguration section */
		AA8672CC283F4E9000764316 /* Debug */ = {
			isa = XCBuildConfiguration;
			buildSettings = {
				ALWAYS_SEARCH_USER_PATHS = NO;
				CLANG_ANALYZER_NONNULL = YES;
				CLANG_ANALYZER_NUMBER_OBJECT_CONVERSION = YES_AGGRESSIVE;
				CLANG_CXX_LANGUAGE_STANDARD = "gnu++17";
				CLANG_ENABLE_MODULES = YES;
				CLANG_ENABLE_OBJC_ARC = YES;
				CLANG_ENABLE_OBJC_WEAK = YES;
				CLANG_WARN_BLOCK_CAPTURE_AUTORELEASING = YES;
				CLANG_WARN_BOOL_CONVERSION = YES;
				CLANG_WARN_COMMA = YES;
				CLANG_WARN_CONSTANT_CONVERSION = YES;
				CLANG_WARN_DEPRECATED_OBJC_IMPLEMENTATIONS = YES;
				CLANG_WARN_DIRECT_OBJC_ISA_USAGE = YES_ERROR;
				CLANG_WARN_DOCUMENTATION_COMMENTS = YES;
				CLANG_WARN_EMPTY_BODY = YES;
				CLANG_WARN_ENUM_CONVERSION = YES;
				CLANG_WARN_INFINITE_RECURSION = YES;
				CLANG_WARN_INT_CONVERSION = YES;
				CLANG_WARN_NON_LITERAL_NULL_CONVERSION = YES;
				CLANG_WARN_OBJC_IMPLICIT_RETAIN_SELF = YES;
				CLANG_WARN_OBJC_LITERAL_CONVERSION = YES;
				CLANG_WARN_OBJC_ROOT_CLASS = YES_ERROR;
				CLANG_WARN_QUOTED_INCLUDE_IN_FRAMEWORK_HEADER = YES;
				CLANG_WARN_RANGE_LOOP_ANALYSIS = YES;
				CLANG_WARN_STRICT_PROTOTYPES = YES;
				CLANG_WARN_SUSPICIOUS_MOVE = YES;
				CLANG_WARN_UNGUARDED_AVAILABILITY = YES_AGGRESSIVE;
				CLANG_WARN_UNREACHABLE_CODE = YES;
				CLANG_WARN__DUPLICATE_METHOD_MATCH = YES;
				COPY_PHASE_STRIP = NO;
				DEBUG_INFORMATION_FORMAT = dwarf;
				ENABLE_STRICT_OBJC_MSGSEND = YES;
				ENABLE_TESTABILITY = YES;
				GCC_C_LANGUAGE_STANDARD = gnu11;
				GCC_DYNAMIC_NO_PIC = NO;
				GCC_NO_COMMON_BLOCKS = YES;
				GCC_OPTIMIZATION_LEVEL = 0;
				GCC_PREPROCESSOR_DEFINITIONS = (
					"DEBUG=1",
					"$(inherited)",
				);
				GCC_WARN_64_TO_32_BIT_CONVERSION = YES;
				GCC_WARN_ABOUT_RETURN_TYPE = YES_ERROR;
				GCC_WARN_UNDECLARED_SELECTOR = YES;
				GCC_WARN_UNINITIALIZED_AUTOS = YES_AGGRESSIVE;
				GCC_WARN_UNUSED_FUNCTION = YES;
				GCC_WARN_UNUSED_VARIABLE = YES;
				MACOSX_DEPLOYMENT_TARGET = 12.3;
				MTL_ENABLE_DEBUG_INFO = INCLUDE_SOURCE;
				MTL_FAST_MATH = YES;
				ONLY_ACTIVE_ARCH = YES;
				SDKROOT = macosx;
				SWIFT_ACTIVE_COMPILATION_CONDITIONS = DEBUG;
				SWIFT_OPTIMIZATION_LEVEL = "-Onone";
			};
			name = Debug;
		};
		AA8672CD283F4E9000764316 /* Release */ = {
			isa = XCBuildConfiguration;
			buildSettings = {
				ALWAYS_SEARCH_USER_PATHS = NO;
				CLANG_ANALYZER_NONNULL = YES;
				CLANG_ANALYZER_NUMBER_OBJECT_CONVERSION = YES_AGGRESSIVE;
				CLANG_CXX_LANGUAGE_STANDARD = "gnu++17";
				CLANG_ENABLE_MODULES = YES;
				CLANG_ENABLE_OBJC_ARC = YES;
				CLANG_ENABLE_OBJC_WEAK = YES;
				CLANG_WARN_BLOCK_CAPTURE_AUTORELEASING = YES;
				CLANG_WARN_BOOL_CONVERSION = YES;
				CLANG_WARN_COMMA = YES;
				CLANG_WARN_CONSTANT_CONVERSION = YES;
				CLANG_WARN_DEPRECATED_OBJC_IMPLEMENTATIONS = YES;
				CLANG_WARN_DIRECT_OBJC_ISA_USAGE = YES_ERROR;
				CLANG_WARN_DOCUMENTATION_COMMENTS = YES;
				CLANG_WARN_EMPTY_BODY = YES;
				CLANG_WARN_ENUM_CONVERSION = YES;
				CLANG_WARN_INFINITE_RECURSION = YES;
				CLANG_WARN_INT_CONVERSION = YES;
				CLANG_WARN_NON_LITERAL_NULL_CONVERSION = YES;
				CLANG_WARN_OBJC_IMPLICIT_RETAIN_SELF = YES;
				CLANG_WARN_OBJC_LITERAL_CONVERSION = YES;
				CLANG_WARN_OBJC_ROOT_CLASS = YES_ERROR;
				CLANG_WARN_QUOTED_INCLUDE_IN_FRAMEWORK_HEADER = YES;
				CLANG_WARN_RANGE_LOOP_ANALYSIS = YES;
				CLANG_WARN_STRICT_PROTOTYPES = YES;
				CLANG_WARN_SUSPICIOUS_MOVE = YES;
				CLANG_WARN_UNGUARDED_AVAILABILITY = YES_AGGRESSIVE;
				CLANG_WARN_UNREACHABLE_CODE = YES;
				CLANG_WARN__DUPLICATE_METHOD_MATCH = YES;
				COPY_PHASE_STRIP = NO;
				DEBUG_INFORMATION_FORMAT = "dwarf-with-dsym";
				ENABLE_NS_ASSERTIONS = NO;
				ENABLE_STRICT_OBJC_MSGSEND = YES;
				GCC_C_LANGUAGE_STANDARD = gnu11;
				GCC_NO_COMMON_BLOCKS = YES;
				GCC_WARN_64_TO_32_BIT_CONVERSION = YES;
				GCC_WARN_ABOUT_RETURN_TYPE = YES_ERROR;
				GCC_WARN_UNDECLARED_SELECTOR = YES;
				GCC_WARN_UNINITIALIZED_AUTOS = YES_AGGRESSIVE;
				GCC_WARN_UNUSED_FUNCTION = YES;
				GCC_WARN_UNUSED_VARIABLE = YES;
				MACOSX_DEPLOYMENT_TARGET = 12.3;
				MTL_ENABLE_DEBUG_INFO = NO;
				MTL_FAST_MATH = YES;
				SDKROOT = macosx;
				SWIFT_COMPILATION_MODE = wholemodule;
				SWIFT_OPTIMIZATION_LEVEL = "-O";
			};
			name = Release;
		};
		AA8672CF283F4E9000764316 /* Debug */ = {
			isa = XCBuildConfiguration;
			buildSettings = {
				CODE_SIGN_STYLE = Automatic;
				DEVELOPMENT_TEAM = 26639CRUMF;
				ENABLE_HARDENED_RUNTIME = YES;
				PRODUCT_NAME = "$(TARGET_NAME)";
				SWIFT_VERSION = 5.0;
			};
			name = Debug;
		};
		AA8672D0283F4E9000764316 /* Release */ = {
			isa = XCBuildConfiguration;
			buildSettings = {
				CODE_SIGN_STYLE = Automatic;
				DEVELOPMENT_TEAM = 26639CRUMF;
				ENABLE_HARDENED_RUNTIME = YES;
				PRODUCT_NAME = "$(TARGET_NAME)";
				SWIFT_VERSION = 5.0;
			};
			name = Release;
		};
/* End XCBuildConfiguration section */

/* Begin XCConfigurationList section */
		AA8672C2283F4E9000764316 /* Build configuration list for PBXProject "DlshogiModelOnMacCoreML" */ = {
			isa = XCConfigurationList;
			buildConfigurations = (
				AA8672CC283F4E9000764316 /* Debug */,
				AA8672CD283F4E9000764316 /* Release */,
			);
			defaultConfigurationIsVisible = 0;
			defaultConfigurationName = Release;
		};
		AA8672CE283F4E9000764316 /* Build configuration list for PBXNativeTarget "DlshogiModelOnMacCoreML" */ = {
			isa = XCConfigurationList;
			buildConfigurations = (
				AA8672CF283F4E9000764316 /* Debug */,
				AA8672D0283F4E9000764316 /* Release */,
			);
			defaultConfigurationIsVisible = 0;
			defaultConfigurationName = Release;
		};
/* End XCConfigurationList section */
	};
	rootObject = AA8672BF283F4E9000764316 /* Project object */;
}
